
Microsoft Visual Studio Solution File, Format Version 12.00
# Visual Studio 15
VisualStudioVersion = 15.0.26730.16
MinimumVisualStudioVersion = 10.0.40219.1
Project("{2150E333-8FDC-42A3-9474-1A3956D46DE8}") = "Solution Items", "Solution Items", "{F267BD6B-5828-4A72-98FA-43D49930BCEE}"
	ProjectSection(SolutionItems) = preProject
		dailytracker.db = dailytracker.db
	EndProjectSection
EndProject
Project("{9A19103F-16F7-4668-BE54-9A1E7A4F7556}") = "DataAccess.Contracts", "DataAccess.Contracts\DataAccess.Contracts.csproj", "{2E2DEDCC-55A5-46B2-B4E6-7B681DF48580}"
EndProject
Project("{9A19103F-16F7-4668-BE54-9A1E7A4F7556}") = "Tests.Integrations", "Tests.Integrations\Tests.Integrations.csproj", "{15A91D3A-ADB5-46DD-8B47-7B8E193C1730}"
EndProject
Project("{9A19103F-16F7-4668-BE54-9A1E7A4F7556}") = "Tests.Unit", "Tests.Unit\Tests.Unit.csproj", "{A0652340-4D5E-4E6B-A4BE-5358E8DB4DB3}"
EndProject
Project("{9A19103F-16F7-4668-BE54-9A1E7A4F7556}") = "Api", "Api\Api.csproj", "{225A8032-278B-4E1E-B91E-FEAE1B4FD1F9}"
EndProject
Project("{9A19103F-16F7-4668-BE54-9A1E7A4F7556}") = "Mediator", "Mediator\Mediator.csproj", "{21A773A2-6047-4DD1-BD72-80E3CC97E7EB}"
EndProject
Project("{9A19103F-16F7-4668-BE54-9A1E7A4F7556}") = "DataAccess.EntityFramework", "DataAccess.EntityFramework\DataAccess.EntityFramework.csproj", "{3D3FCE2D-5191-4EF5-8ABB-C04F814AC983}"
EndProject
Project("{FAE04EC0-301F-11D3-BF4B-00C04F79EFBC}") = "Infrastructure", "Infrastructure\Infrastructure.csproj", "{BDFE487B-68E4-4190-ABB8-7BD97A2C3ACA}"
EndProject
Project("{FAE04EC0-301F-11D3-BF4B-00C04F79EFBC}") = "Commands", "Events\Commands.csproj", "{F8AF1FA3-B0A4-4FC1-9BDC-66F7FC0249F0}"
EndProject
Project("{FAE04EC0-301F-11D3-BF4B-00C04F79EFBC}") = "Queries", "Queries\Queries.csproj", "{1CECCB08-B520-488F-A286-9AA9CBBCF863}"
EndProject
Global
	GlobalSection(SolutionConfigurationPlatforms) = preSolution
		Debug|Any CPU = Debug|Any CPU
		Release|Any CPU = Release|Any CPU
	EndGlobalSection
	GlobalSection(ProjectConfigurationPlatforms) = postSolution
		{2E2DEDCC-55A5-46B2-B4E6-7B681DF48580}.Debug|Any CPU.ActiveCfg = Debug|Any CPU
		{2E2DEDCC-55A5-46B2-B4E6-7B681DF48580}.Debug|Any CPU.Build.0 = Debug|Any CPU
		{2E2DEDCC-55A5-46B2-B4E6-7B681DF48580}.Release|Any CPU.ActiveCfg = Release|Any CPU
		{2E2DEDCC-55A5-46B2-B4E6-7B681DF48580}.Release|Any CPU.Build.0 = Release|Any CPU
		{15A91D3A-ADB5-46DD-8B47-7B8E193C1730}.Debug|Any CPU.ActiveCfg = Debug|Any CPU
		{15A91D3A-ADB5-46DD-8B47-7B8E193C1730}.Debug|Any CPU.Build.0 = Debug|Any CPU
		{15A91D3A-ADB5-46DD-8B47-7B8E193C1730}.Release|Any CPU.ActiveCfg = Release|Any CPU
		{15A91D3A-ADB5-46DD-8B47-7B8E193C1730}.Release|Any CPU.Build.0 = Release|Any CPU
		{A0652340-4D5E-4E6B-A4BE-5358E8DB4DB3}.Debug|Any CPU.ActiveCfg = Debug|Any CPU
		{A0652340-4D5E-4E6B-A4BE-5358E8DB4DB3}.Debug|Any CPU.Build.0 = Debug|Any CPU
		{A0652340-4D5E-4E6B-A4BE-5358E8DB4DB3}.Release|Any CPU.ActiveCfg = Release|Any CPU
		{A0652340-4D5E-4E6B-A4BE-5358E8DB4DB3}.Release|Any CPU.Build.0 = Release|Any CPU
		{225A8032-278B-4E1E-B91E-FEAE1B4FD1F9}.Debug|Any CPU.ActiveCfg = Debug|Any CPU
		{225A8032-278B-4E1E-B91E-FEAE1B4FD1F9}.Debug|Any CPU.Build.0 = Debug|Any CPU
		{225A8032-278B-4E1E-B91E-FEAE1B4FD1F9}.Release|Any CPU.ActiveCfg = Release|Any CPU
		{225A8032-278B-4E1E-B91E-FEAE1B4FD1F9}.Release|Any CPU.Build.0 = Release|Any CPU
		{21A773A2-6047-4DD1-BD72-80E3CC97E7EB}.Debug|Any CPU.ActiveCfg = Debug|Any CPU
		{21A773A2-6047-4DD1-BD72-80E3CC97E7EB}.Debug|Any CPU.Build.0 = Debug|Any CPU
		{21A773A2-6047-4DD1-BD72-80E3CC97E7EB}.Release|Any CPU.ActiveCfg = Release|Any CPU
		{21A773A2-6047-4DD1-BD72-80E3CC97E7EB}.Release|Any CPU.Build.0 = Release|Any CPU
		{3D3FCE2D-5191-4EF5-8ABB-C04F814AC983}.Debug|Any CPU.ActiveCfg = Debug|Any CPU
		{3D3FCE2D-5191-4EF5-8ABB-C04F814AC983}.Debug|Any CPU.Build.0 = Debug|Any CPU
		{3D3FCE2D-5191-4EF5-8ABB-C04F814AC983}.Release|Any CPU.ActiveCfg = Release|Any CPU
		{3D3FCE2D-5191-4EF5-8ABB-C04F814AC983}.Release|Any CPU.Build.0 = Release|Any CPU
		{BDFE487B-68E4-4190-ABB8-7BD97A2C3ACA}.Debug|Any CPU.ActiveCfg = Debug|Any CPU
		{BDFE487B-68E4-4190-ABB8-7BD97A2C3ACA}.Debug|Any CPU.Build.0 = Debug|Any CPU
		{BDFE487B-68E4-4190-ABB8-7BD97A2C3ACA}.Release|Any CPU.ActiveCfg = Release|Any CPU
		{BDFE487B-68E4-4190-ABB8-7BD97A2C3ACA}.Release|Any CPU.Build.0 = Release|Any CPU
		{F8AF1FA3-B0A4-4FC1-9BDC-66F7FC0249F0}.Debug|Any CPU.ActiveCfg = Debug|Any CPU
		{F8AF1FA3-B0A4-4FC1-9BDC-66F7FC0249F0}.Debug|Any CPU.Build.0 = Debug|Any CPU
		{F8AF1FA3-B0A4-4FC1-9BDC-66F7FC0249F0}.Release|Any CPU.ActiveCfg = Release|Any CPU
		{F8AF1FA3-B0A4-4FC1-9BDC-66F7FC0249F0}.Release|Any CPU.Build.0 = Release|Any CPU
		{1CECCB08-B520-488F-A286-9AA9CBBCF863}.Debug|Any CPU.ActiveCfg = Debug|Any CPU
		{1CECCB08-B520-488F-A286-9AA9CBBCF863}.Debug|Any CPU.Build.0 = Debug|Any CPU
		{1CECCB08-B520-488F-A286-9AA9CBBCF863}.Release|Any CPU.ActiveCfg = Release|Any CPU
		{1CECCB08-B520-488F-A286-9AA9CBBCF863}.Release|Any CPU.Build.0 = Release|Any CPU
	EndGlobalSection
	GlobalSection(SolutionProperties) = preSolution
		HideSolutionNode = FALSE
	EndGlobalSection
	GlobalSection(ExtensibilityGlobals) = postSolution
		SolutionGuid = {903D8612-B6B6-4FF3-B547-6553483325C6}
	EndGlobalSection
EndGlobal
